# This file is automatically @generated by Cargo.
# It is not intended for manual editing.
version = 3

[[package]]
name = "cc"
version = "1.0.73"
source = "registry+https://github.com/rust-lang/crates.io-index"
checksum = "2fff2a6927b3bb87f9595d67196a70493f627687a71d87a0d692242c33f58c11"

[[package]]
name = "dotm"
version = "0.1.0"
dependencies = [
 "youchoose",
]

[[package]]
name = "libc"
version = "0.2.123"
source = "registry+https://github.com/rust-lang/crates.io-index"
checksum = "cb691a747a7ab48abc15c5b42066eaafde10dc427e3b6ee2a1cf43db04c763bd"

[[package]]
name = "ncurses"
version = "5.101.0"
source = "registry+https://github.com/rust-lang/crates.io-index"
checksum = "5e2c5d34d72657dc4b638a1c25d40aae81e4f1c699062f72f467237920752032"
dependencies = [
 "cc",
 "libc",
 "pkg-config",
]

[[package]]
name = "pkg-config"
version = "0.3.25"
source = "registry+https://github.com/rust-lang/crates.io-index"
checksum = "1df8c4ec4b0627e53bdf214615ad287367e482558cf84b109250b37464dc03ae"

[[package]]
name = "youchoose"
version = "0.1.1"
source = "registry+https://github.com/rust-lang/crates.io-index"
checksum = "38603aee8738ef227e6c1418bf1870738b5a84882e6736319def6c7ee6b65983"
dependencies = [
 "ncurses",
]
